
Microsoft Visual Studio Solution File, Format Version 12.00
# Visual Studio Version 16
VisualStudioVersion = 16.0.30114.105
MinimumVisualStudioVersion = 10.0.40219.1
Project("{FAE04EC0-301F-11D3-BF4B-00C04F79EFBC}") = "SolidProj", "SolidProj\SolidProj.csproj", "{3EB4FD33-D4C9-432D-AFE4-570F724F3961}"
EndProject
Global
	GlobalSection(SolutionConfigurationPlatforms) = preSolution
		Debug|Any CPU = Debug|Any CPU
		Release|Any CPU = Release|Any CPU
	EndGlobalSection
	GlobalSection(ProjectConfigurationPlatforms) = postSolution
		{3EB4FD33-D4C9-432D-AFE4-570F724F3961}.Debug|Any CPU.ActiveCfg = Debug|Any CPU
		{3EB4FD33-D4C9-432D-AFE4-570F724F3961}.Debug|Any CPU.Build.0 = Debug|Any CPU
		{3EB4FD33-D4C9-432D-AFE4-570F724F3961}.Release|Any CPU.ActiveCfg = Release|Any CPU
		{3EB4FD33-D4C9-432D-AFE4-570F724F3961}.Release|Any CPU.Build.0 = Release|Any CPU
	EndGlobalSection
	GlobalSection(SolutionProperties) = preSolution
		HideSolutionNode = FALSE
	EndGlobalSection
	GlobalSection(ExtensibilityGlobals) = postSolution
		SolutionGuid = {A7F76F10-EC23-4447-B37A-D5F4A6D42EFE}
	EndGlobalSection
EndGlobal
